// !$*UTF8*$!
{
	archiveVersion = 1;
	classes = {
	};
	objectVersion = 46;
	objects = {

/* Begin PBXBuildFile section */
		9459B7EA1E463C760079D807 /* AppDelegate.m in Sources */ = {isa = PBXBuildFile; fileRef = 9459B7E91E463C760079D807 /* AppDelegate.m */; };
		9459B7ED1E463C760079D807 /* main.m in Sources */ = {isa = PBXBuildFile; fileRef = 9459B7EC1E463C760079D807 /* main.m */; };
		9459B7F01E463C760079D807 /* ViewController.m in Sources */ = {isa = PBXBuildFile; fileRef = 9459B7EF1E463C760079D807 /* ViewController.m */; };
		9459B7F21E463C760079D807 /* Assets.xcassets in Resources */ = {isa = PBXBuildFile; fileRef = 9459B7F11E463C760079D807 /* Assets.xcassets */; };
		9459B7F51E463C760079D807 /* Main.storyboard in Resources */ = {isa = PBXBuildFile; fileRef = 9459B7F31E463C760079D807 /* Main.storyboard */; };
		9459B8001E463C760079D807 /* ps4_dualshockTests.m in Sources */ = {isa = PBXBuildFile; fileRef = 9459B7FF1E463C760079D807 /* ps4_dualshockTests.m */; };
		9459B80B1E463C760079D807 /* ps4_dualshockUITests.m in Sources */ = {isa = PBXBuildFile; fileRef = 9459B80A1E463C760079D807 /* ps4_dualshockUITests.m */; };
/* End PBXBuildFile section */

/* Begin PBXContainerItemProxy section */
		9459B7FC1E463C760079D807 /* PBXContainerItemProxy */ = {
			isa = PBXContainerItemProxy;
			containerPortal = 9459B7DD1E463C760079D807 /* Project object */;
			proxyType = 1;
			remoteGlobalIDString = 9459B7E41E463C760079D807;
			remoteInfo = "ps4-dualshock";
		};
		9459B8071E463C760079D807 /* PBXContainerItemProxy */ = {
			isa = PBXContainerItemProxy;
			containerPortal = 9459B7DD1E463C760079D807 /* Project object */;
			proxyType = 1;
			remoteGlobalIDString = 9459B7E41E463C760079D807;
			remoteInfo = "ps4-dualshock";
		};
/* End PBXContainerItemProxy section */

/* Begin PBXFileReference section */
		9459B7E51E463C760079D807 /* ps4-dualshock.app */ = {isa = PBXFileReference; explicitFileType = wrapper.application; includeInIndex = 0; path = "ps4-dualshock.app"; sourceTree = BUILT_PRODUCTS_DIR; };
		9459B7E81E463C760079D807 /* AppDelegate.h */ = {isa = PBXFileReference; lastKnownFileType = sourcecode.c.h; path = AppDelegate.h; sourceTree = "<group>"; };
		9459B7E91E463C760079D807 /* AppDelegate.m */ = {isa = PBXFileReference; lastKnownFileType = sourcecode.c.objc; path = AppDelegate.m; sourceTree = "<group>"; };
		9459B7EC1E463C760079D807 /* main.m */ = {isa = PBXFileReference; lastKnownFileType = sourcecode.c.objc; path = main.m; sourceTree = "<group>"; };
		9459B7EE1E463C760079D807 /* ViewController.h */ = {isa = PBXFileReference; lastKnownFileType = sourcecode.c.h; path = ViewController.h; sourceTree = "<group>"; };
		9459B7EF1E463C760079D807 /* ViewController.m */ = {isa = PBXFileReference; lastKnownFileType = sourcecode.c.objc; path = ViewController.m; sourceTree = "<group>"; };
		9459B7F11E463C760079D807 /* Assets.xcassets */ = {isa = PBXFileReference; lastKnownFileType = folder.assetcatalog; path = Assets.xcassets; sourceTree = "<group>"; };
		9459B7F41E463C760079D807 /* Base */ = {isa = PBXFileReference; lastKnownFileType = file.storyboard; name = Base; path = Base.lproj/Main.storyboard; sourceTree = "<group>"; };
		9459B7F61E463C760079D807 /* Info.plist */ = {isa = PBXFileReference; lastKnownFileType = text.plist.xml; path = Info.plist; sourceTree = "<group>"; };
		9459B7FB1E463C760079D807 /* ps4-dualshockTests.xctest */ = {isa = PBXFileReference; explicitFileType = wrapper.cfbundle; includeInIndex = 0; path = "ps4-dualshockTests.xctest"; sourceTree = BUILT_PRODUCTS_DIR; };
		9459B7FF1E463C760079D807 /* ps4_dualshockTests.m */ = {isa = PBXFileReference; lastKnownFileType = sourcecode.c.objc; path = ps4_dualshockTests.m; sourceTree = "<group>"; };
		9459B8011E463C760079D807 /* Info.plist */ = {isa = PBXFileReference; lastKnownFileType = text.plist.xml; path = Info.plist; sourceTree = "<group>"; };
		9459B8061E463C760079D807 /* ps4-dualshockUITests.xctest */ = {isa = PBXFileReference; explicitFileType = wrapper.cfbundle; includeInIndex = 0; path = "ps4-dualshockUITests.xctest"; sourceTree = BUILT_PRODUCTS_DIR; };
		9459B80A1E463C760079D807 /* ps4_dualshockUITests.m */ = {isa = PBXFileReference; lastKnownFileType = sourcecode.c.objc; path = ps4_dualshockUITests.m; sourceTree = "<group>"; };
		9459B80C1E463C760079D807 /* Info.plist */ = {isa = PBXFileReference; lastKnownFileType = text.plist.xml; path = Info.plist; sourceTree = "<group>"; };
/* End PBXFileReference section */

/* Begin PBXFrameworksBuildPhase section */
		9459B7E21E463C760079D807 /* Frameworks */ = {
			isa = PBXFrameworksBuildPhase;
			buildActionMask = 2147483647;
			files = (
			);
			runOnlyForDeploymentPostprocessing = 0;
		};
		9459B7F81E463C760079D807 /* Frameworks */ = {
			isa = PBXFrameworksBuildPhase;
			buildActionMask = 2147483647;
			files = (
			);
			runOnlyForDeploymentPostprocessing = 0;
		};
		9459B8031E463C760079D807 /* Frameworks */ = {
			isa = PBXFrameworksBuildPhase;
			buildActionMask = 2147483647;
			files = (
			);
			runOnlyForDeploymentPostprocessing = 0;
		};
/* End PBXFrameworksBuildPhase section */

/* Begin PBXGroup section */
		9459B7DC1E463C760079D807 = {
			isa = PBXGroup;
			children = (
				9459B7E71E463C760079D807 /* ps4-dualshock */,
				9459B7FE1E463C760079D807 /* ps4-dualshockTests */,
				9459B8091E463C760079D807 /* ps4-dualshockUITests */,
				9459B7E61E463C760079D807 /* Products */,
			);
			sourceTree = "<group>";
		};
		9459B7E61E463C760079D807 /* Products */ = {
			isa = PBXGroup;
			children = (
				9459B7E51E463C760079D807 /* ps4-dualshock.app */,
				9459B7FB1E463C760079D807 /* ps4-dualshockTests.xctest */,
				9459B8061E463C760079D807 /* ps4-dualshockUITests.xctest */,
			);
			name = Products;
			sourceTree = "<group>";
		};
		9459B7E71E463C760079D807 /* ps4-dualshock */ = {
			isa = PBXGroup;
			children = (
				9459B7E81E463C760079D807 /* AppDelegate.h */,
				9459B7E91E463C760079D807 /* AppDelegate.m */,
				9459B7EE1E463C760079D807 /* ViewController.h */,
				9459B7EF1E463C760079D807 /* ViewController.m */,
				9459B7F11E463C760079D807 /* Assets.xcassets */,
				9459B7F31E463C760079D807 /* Main.storyboard */,
				9459B7F61E463C760079D807 /* Info.plist */,
				9459B7EB1E463C760079D807 /* Supporting Files */,
			);
			path = "ps4-dualshock";
			sourceTree = "<group>";
		};
		9459B7EB1E463C760079D807 /* Supporting Files */ = {
			isa = PBXGroup;
			children = (
				9459B7EC1E463C760079D807 /* main.m */,
			);
			name = "Supporting Files";
			sourceTree = "<group>";
		};
		9459B7FE1E463C760079D807 /* ps4-dualshockTests */ = {
			isa = PBXGroup;
			children = (
				9459B7FF1E463C760079D807 /* ps4_dualshockTests.m */,
				9459B8011E463C760079D807 /* Info.plist */,
			);
			path = "ps4-dualshockTests";
			sourceTree = "<group>";
		};
		9459B8091E463C760079D807 /* ps4-dualshockUITests */ = {
			isa = PBXGroup;
			children = (
				9459B80A1E463C760079D807 /* ps4_dualshockUITests.m */,
				9459B80C1E463C760079D807 /* Info.plist */,
			);
			path = "ps4-dualshockUITests";
			sourceTree = "<group>";
		};
/* End PBXGroup section */

/* Begin PBXNativeTarget section */
		9459B7E41E463C760079D807 /* ps4-dualshock */ = {
			isa = PBXNativeTarget;
			buildConfigurationList = 9459B80F1E463C760079D807 /* Build configuration list for PBXNativeTarget "ps4-dualshock" */;
			buildPhases = (
				9459B7E11E463C760079D807 /* Sources */,
				9459B7E21E463C760079D807 /* Frameworks */,
				9459B7E31E463C760079D807 /* Resources */,
			);
			buildRules = (
			);
			dependencies = (
			);
			name = "ps4-dualshock";
			productName = "ps4-dualshock";
			productReference = 9459B7E51E463C760079D807 /* ps4-dualshock.app */;
			productType = "com.apple.product-type.application";
		};
		9459B7FA1E463C760079D807 /* ps4-dualshockTests */ = {
			isa = PBXNativeTarget;
			buildConfigurationList = 9459B8121E463C760079D807 /* Build configuration list for PBXNativeTarget "ps4-dualshockTests" */;
			buildPhases = (
				9459B7F71E463C760079D807 /* Sources */,
				9459B7F81E463C760079D807 /* Frameworks */,
				9459B7F91E463C760079D807 /* Resources */,
			);
			buildRules = (
			);
			dependencies = (
				9459B7FD1E463C760079D807 /* PBXTargetDependency */,
			);
			name = "ps4-dualshockTests";
			productName = "ps4-dualshockTests";
			productReference = 9459B7FB1E463C760079D807 /* ps4-dualshockTests.xctest */;
			productType = "com.apple.product-type.bundle.unit-test";
		};
		9459B8051E463C760079D807 /* ps4-dualshockUITests */ = {
			isa = PBXNativeTarget;
			buildConfigurationList = 9459B8151E463C760079D807 /* Build configuration list for PBXNativeTarget "ps4-dualshockUITests" */;
			buildPhases = (
				9459B8021E463C760079D807 /* Sources */,
				9459B8031E463C760079D807 /* Frameworks */,
				9459B8041E463C760079D807 /* Resources */,
			);
			buildRules = (
			);
			dependencies = (
				9459B8081E463C760079D807 /* PBXTargetDependency */,
			);
			name = "ps4-dualshockUITests";
			productName = "ps4-dualshockUITests";
			productReference = 9459B8061E463C760079D807 /* ps4-dualshockUITests.xctest */;
			productType = "com.apple.product-type.bundle.ui-testing";
		};
/* End PBXNativeTarget section */

/* Begin PBXProject section */
		9459B7DD1E463C760079D807 /* Project object */ = {
			isa = PBXProject;
			attributes = {
				LastUpgradeCheck = 0820;
				ORGANIZATIONNAME = "Ryan Chaves";
				TargetAttributes = {
					9459B7E41E463C760079D807 = {
						CreatedOnToolsVersion = 8.2.1;
						ProvisioningStyle = Automatic;
					};
					9459B7FA1E463C760079D807 = {
						CreatedOnToolsVersion = 8.2.1;
						ProvisioningStyle = Automatic;
						TestTargetID = 9459B7E41E463C760079D807;
					};
					9459B8051E463C760079D807 = {
						CreatedOnToolsVersion = 8.2.1;
						ProvisioningStyle = Automatic;
						TestTargetID = 9459B7E41E463C760079D807;
					};
				};
			};
			buildConfigurationList = 9459B7E01E463C760079D807 /* Build configuration list for PBXProject "ps4-dualshock" */;
			compatibilityVersion = "Xcode 3.2";
			developmentRegion = English;
			hasScannedForEncodings = 0;
			knownRegions = (
				en,
				Base,
			);
			mainGroup = 9459B7DC1E463C760079D807;
			productRefGroup = 9459B7E61E463C760079D807 /* Products */;
			projectDirPath = "";
			projectRoot = "";
			targets = (
				9459B7E41E463C760079D807 /* ps4-dualshock */,
				9459B7FA1E463C760079D807 /* ps4-dualshockTests */,
				9459B8051E463C760079D807 /* ps4-dualshockUITests */,
			);
		};
/* End PBXProject section */

/* Begin PBXResourcesBuildPhase section */
		9459B7E31E463C760079D807 /* Resources */ = {
			isa = PBXResourcesBuildPhase;
			buildActionMask = 2147483647;
			files = (
				9459B7F21E463C760079D807 /* Assets.xcassets in Resources */,
				9459B7F51E463C760079D807 /* Main.storyboard in Resources */,
			);
			runOnlyForDeploymentPostprocessing = 0;
		};
		9459B7F91E463C760079D807 /* Resources */ = {
			isa = PBXResourcesBuildPhase;
			buildActionMask = 2147483647;
			files = (
			);
			runOnlyForDeploymentPostprocessing = 0;
		};
		9459B8041E463C760079D807 /* Resources */ = {
			isa = PBXResourcesBuildPhase;
			buildActionMask = 2147483647;
			files = (
			);
			runOnlyForDeploymentPostprocessing = 0;
		};
/* End PBXResourcesBuildPhase section */

/* Begin PBXSourcesBuildPhase section */
		9459B7E11E463C760079D807 /* Sources */ = {
			isa = PBXSourcesBuildPhase;
			buildActionMask = 2147483647;
			files = (
				9459B7F01E463C760079D807 /* ViewController.m in Sources */,
				9459B7ED1E463C760079D807 /* main.m in Sources */,
				9459B7EA1E463C760079D807 /* AppDelegate.m in Sources */,
			);
			runOnlyForDeploymentPostprocessing = 0;
		};
		9459B7F71E463C760079D807 /* Sources */ = {
			isa = PBXSourcesBuildPhase;
			buildActionMask = 2147483647;
			files = (
				9459B8001E463C760079D807 /* ps4_dualshockTests.m in Sources */,
			);
			runOnlyForDeploymentPostprocessing = 0;
		};
		9459B8021E463C760079D807 /* Sources */ = {
			isa = PBXSourcesBuildPhase;
			buildActionMask = 2147483647;
			files = (
				9459B80B1E463C760079D807 /* ps4_dualshockUITests.m in Sources */,
			);
			runOnlyForDeploymentPostprocessing = 0;
		};
/* End PBXSourcesBuildPhase section */

/* Begin PBXTargetDependency section */
		9459B7FD1E463C760079D807 /* PBXTargetDependency */ = {
			isa = PBXTargetDependency;
			target = 9459B7E41E463C760079D807 /* ps4-dualshock */;
			targetProxy = 9459B7FC1E463C760079D807 /* PBXContainerItemProxy */;
		};
		9459B8081E463C760079D807 /* PBXTargetDependency */ = {
			isa = PBXTargetDependency;
			target = 9459B7E41E463C760079D807 /* ps4-dualshock */;
			targetProxy = 9459B8071E463C760079D807 /* PBXContainerItemProxy */;
		};
/* End PBXTargetDependency section */

/* Begin PBXVariantGroup section */
		9459B7F31E463C760079D807 /* Main.storyboard */ = {
			isa = PBXVariantGroup;
			children = (
				9459B7F41E463C760079D807 /* Base */,
			);
			name = Main.storyboard;
			sourceTree = "<group>";
		};
/* End PBXVariantGroup section */

/* Begin XCBuildConfiguration section */
		9459B80D1E463C760079D807 /* Debug */ = {
			isa = XCBuildConfiguration;
			buildSettings = {
				ALWAYS_SEARCH_USER_PATHS = NO;
				CLANG_ANALYZER_NONNULL = YES;
				CLANG_CXX_LANGUAGE_STANDARD = "gnu++0x";
				CLANG_CXX_LIBRARY = "libc++";
				CLANG_ENABLE_MODULES = YES;
				CLANG_ENABLE_OBJC_ARC = YES;
				CLANG_WARN_BOOL_CONVERSION = YES;
				CLANG_WARN_CONSTANT_CONVERSION = YES;
				CLANG_WARN_DIRECT_OBJC_ISA_USAGE = YES_ERROR;
				CLANG_WARN_DOCUMENTATION_COMMENTS = YES;
				CLANG_WARN_EMPTY_BODY = YES;
				CLANG_WARN_ENUM_CONVERSION = YES;
				CLANG_WARN_INFINITE_RECURSION = YES;
				CLANG_WARN_INT_CONVERSION = YES;
				CLANG_WARN_OBJC_ROOT_CLASS = YES_ERROR;
				CLANG_WARN_SUSPICIOUS_MOVE = YES;
				CLANG_WARN_UNREACHABLE_CODE = YES;
				CLANG_WARN__DUPLICATE_METHOD_MATCH = YES;
				CODE_SIGN_IDENTITY = "-";
				COPY_PHASE_STRIP = NO;
				DEBUG_INFORMATION_FORMAT = dwarf;
				ENABLE_STRICT_OBJC_MSGSEND = YES;
				ENABLE_TESTABILITY = YES;
				GCC_C_LANGUAGE_STANDARD = gnu99;
				GCC_DYNAMIC_NO_PIC = NO;
				GCC_NO_COMMON_BLOCKS = YES;
				GCC_OPTIMIZATION_LEVEL = 0;
				GCC_PREPROCESSOR_DEFINITIONS = (
					"DEBUG=1",
					"$(inherited)",
				);
				GCC_WARN_64_TO_32_BIT_CONVERSION = YES;
				GCC_WARN_ABOUT_RETURN_TYPE = YES_ERROR;
				GCC_WARN_UNDECLARED_SELECTOR = YES;
				GCC_WARN_UNINITIALIZED_AUTOS = YES_AGGRESSIVE;
				GCC_WARN_UNUSED_FUNCTION = YES;
				GCC_WARN_UNUSED_VARIABLE = YES;
				MACOSX_DEPLOYMENT_TARGET = 10.12;
				MTL_ENABLE_DEBUG_INFO = YES;
				ONLY_ACTIVE_ARCH = YES;
				SDKROOT = macosx;
			};
			name = Debug;
		};
		9459B80E1E463C760079D807 /* Release */ = {
			isa = XCBuildConfiguration;
			buildSettings = {
				ALWAYS_SEARCH_USER_PATHS = NO;
				CLANG_ANALYZER_NONNULL = YES;
				CLANG_CXX_LANGUAGE_STANDARD = "gnu++0x";
				CLANG_CXX_LIBRARY = "libc++";
				CLANG_ENABLE_MODULES = YES;
				CLANG_ENABLE_OBJC_ARC = YES;
				CLANG_WARN_BOOL_CONVERSION = YES;
				CLANG_WARN_CONSTANT_CONVERSION = YES;
				CLANG_WARN_DIRECT_OBJC_ISA_USAGE = YES_ERROR;
				CLANG_WARN_DOCUMENTATION_COMMENTS = YES;
				CLANG_WARN_EMPTY_BODY = YES;
				CLANG_WARN_ENUM_CONVERSION = YES;
				CLANG_WARN_INFINITE_RECURSION = YES;
				CLANG_WARN_INT_CONVERSION = YES;
				CLANG_WARN_OBJC_ROOT_CLASS = YES_ERROR;
				CLANG_WARN_SUSPICIOUS_MOVE = YES;
				CLANG_WARN_UNREACHABLE_CODE = YES;
				CLANG_WARN__DUPLICATE_METHOD_MATCH = YES;
				CODE_SIGN_IDENTITY = "-";
				COPY_PHASE_STRIP = NO;
				DEBUG_INFORMATION_FORMAT = "dwarf-with-dsym";
				ENABLE_NS_ASSERTIONS = NO;
				ENABLE_STRICT_OBJC_MSGSEND = YES;
				GCC_C_LANGUAGE_STANDARD = gnu99;
				GCC_NO_COMMON_BLOCKS = YES;
				GCC_WARN_64_TO_32_BIT_CONVERSION = YES;
				GCC_WARN_ABOUT_RETURN_TYPE = YES_ERROR;
				GCC_WARN_UNDECLARED_SELECTOR = YES;
				GCC_WARN_UNINITIALIZED_AUTOS = YES_AGGRESSIVE;
				GCC_WARN_UNUSED_FUNCTION = YES;
				GCC_WARN_UNUSED_VARIABLE = YES;
				MACOSX_DEPLOYMENT_TARGET = 10.12;
				MTL_ENABLE_DEBUG_INFO = NO;
				SDKROOT = macosx;
			};
			name = Release;
		};
		9459B8101E463C760079D807 /* Debug */ = {
			isa = XCBuildConfiguration;
			buildSettings = {
				ASSETCATALOG_COMPILER_APPICON_NAME = AppIcon;
				COMBINE_HIDPI_IMAGES = YES;
				INFOPLIST_FILE = "ps4-dualshock/Info.plist";
				LD_RUNPATH_SEARCH_PATHS = "$(inherited) @executable_path/../Frameworks";
				PRODUCT_BUNDLE_IDENTIFIER = "com.rchaves.ps4-dualshock";
				PRODUCT_NAME = "$(TARGET_NAME)";
			};
			name = Debug;
		};
		9459B8111E463C760079D807 /* Release */ = {
			isa = XCBuildConfiguration;
			buildSettings = {
				ASSETCATALOG_COMPILER_APPICON_NAME = AppIcon;
				COMBINE_HIDPI_IMAGES = YES;
				INFOPLIST_FILE = "ps4-dualshock/Info.plist";
				LD_RUNPATH_SEARCH_PATHS = "$(inherited) @executable_path/../Frameworks";
				PRODUCT_BUNDLE_IDENTIFIER = "com.rchaves.ps4-dualshock";
				PRODUCT_NAME = "$(TARGET_NAME)";
			};
			name = Release;
		};
		9459B8131E463C760079D807 /* Debug */ = {
			isa = XCBuildConfiguration;
			buildSettings = {
				BUNDLE_LOADER = "$(TEST_HOST)";
				COMBINE_HIDPI_IMAGES = YES;
				INFOPLIST_FILE = "ps4-dualshockTests/Info.plist";
				LD_RUNPATH_SEARCH_PATHS = "$(inherited) @executable_path/../Frameworks @loader_path/../Frameworks";
				PRODUCT_BUNDLE_IDENTIFIER = "com.rchaves.ps4-dualshockTests";
				PRODUCT_NAME = "$(TARGET_NAME)";
				TEST_HOST = "$(BUILT_PRODUCTS_DIR)/ps4-dualshock.app/Contents/MacOS/ps4-dualshock";
			};
			name = Debug;
		};
		9459B8141E463C760079D807 /* Release */ = {
			isa = XCBuildConfiguration;
			buildSettings = {
				BUNDLE_LOADER = "$(TEST_HOST)";
				COMBINE_HIDPI_IMAGES = YES;
				INFOPLIST_FILE = "ps4-dualshockTests/Info.plist";
				LD_RUNPATH_SEARCH_PATHS = "$(inherited) @executable_path/../Frameworks @loader_path/../Frameworks";
				PRODUCT_BUNDLE_IDENTIFIER = "com.rchaves.ps4-dualshockTests";
				PRODUCT_NAME = "$(TARGET_NAME)";
				TEST_HOST = "$(BUILT_PRODUCTS_DIR)/ps4-dualshock.app/Contents/MacOS/ps4-dualshock";
			};
			name = Release;
		};
		9459B8161E463C760079D807 /* Debug */ = {
			isa = XCBuildConfiguration;
			buildSettings = {
				COMBINE_HIDPI_IMAGES = YES;
				INFOPLIST_FILE = "ps4-dualshockUITests/Info.plist";
				LD_RUNPATH_SEARCH_PATHS = "$(inherited) @executable_path/../Frameworks @loader_path/../Frameworks";
				PRODUCT_BUNDLE_IDENTIFIER = "com.rchaves.ps4-dualshockUITests";
				PRODUCT_NAME = "$(TARGET_NAME)";
				TEST_TARGET_NAME = "ps4-dualshock";
			};
			name = Debug;
		};
		9459B8171E463C760079D807 /* Release */ = {
			isa = XCBuildConfiguration;
			buildSettings = {
				COMBINE_HIDPI_IMAGES = YES;
				INFOPLIST_FILE = "ps4-dualshockUITests/Info.plist";
				LD_RUNPATH_SEARCH_PATHS = "$(inherited) @executable_path/../Frameworks @loader_path/../Frameworks";
				PRODUCT_BUNDLE_IDENTIFIER = "com.rchaves.ps4-dualshockUITests";
				PRODUCT_NAME = "$(TARGET_NAME)";
				TEST_TARGET_NAME = "ps4-dualshock";
			};
			name = Release;
		};
/* End XCBuildConfiguration section */

/* Begin XCConfigurationList section */
		9459B7E01E463C760079D807 /* Build configuration list for PBXProject "ps4-dualshock" */ = {
			isa = XCConfigurationList;
			buildConfigurations = (
				9459B80D1E463C760079D807 /* Debug */,
				9459B80E1E463C760079D807 /* Release */,
			);
			defaultConfigurationIsVisible = 0;
			defaultConfigurationName = Release;
		};
		9459B80F1E463C760079D807 /* Build configuration list for PBXNativeTarget "ps4-dualshock" */ = {
			isa = XCConfigurationList;
			buildConfigurations = (
				9459B8101E463C760079D807 /* Debug */,
				9459B8111E463C760079D807 /* Release */,
			);
			defaultConfigurationIsVisible = 0;
		};
		9459B8121E463C760079D807 /* Build configuration list for PBXNativeTarget "ps4-dualshockTests" */ = {
			isa = XCConfigurationList;
			buildConfigurations = (
				9459B8131E463C760079D807 /* Debug */,
				9459B8141E463C760079D807 /* Release */,
			);
			defaultConfigurationIsVisible = 0;
		};
		9459B8151E463C760079D807 /* Build configuration list for PBXNativeTarget "ps4-dualshockUITests" */ = {
			isa = XCConfigurationList;
			buildConfigurations = (
				9459B8161E463C760079D807 /* Debug */,
				9459B8171E463C760079D807 /* Release */,
			);
			defaultConfigurationIsVisible = 0;
		};
/* End XCConfigurationList section */
	};
	rootObject = 9459B7DD1E463C760079D807 /* Project object */;
}
